
Microsoft Visual Studio Solution File, Format Version 12.00
# Visual Studio Version 16
VisualStudioVersion = 16.0.30320.27
MinimumVisualStudioVersion = 10.0.40219.1
Project("{FAE04EC0-301F-11D3-BF4B-00C04F79EFBC}") = "BankingApplication", "BankingApplication\BankingApplication.csproj", "{1E84B1D5-8955-4778-91B7-EC87CF4CFD72}"
EndProject
Project("{FAE04EC0-301F-11D3-BF4B-00C04F79EFBC}") = "BankApplicationTests", "BankApplicationTests\BankApplicationTests.csproj", "{19A71648-A68A-4BD4-9F7B-E5CF5852097C}"
EndProject
Global
	GlobalSection(SolutionConfigurationPlatforms) = preSolution
		Debug|Any CPU = Debug|Any CPU
		Release|Any CPU = Release|Any CPU
	EndGlobalSection
	GlobalSection(ProjectConfigurationPlatforms) = postSolution
		{1E84B1D5-8955-4778-91B7-EC87CF4CFD72}.Debug|Any CPU.ActiveCfg = Debug|Any CPU
		{1E84B1D5-8955-4778-91B7-EC87CF4CFD72}.Debug|Any CPU.Build.0 = Debug|Any CPU
		{1E84B1D5-8955-4778-91B7-EC87CF4CFD72}.Release|Any CPU.ActiveCfg = Release|Any CPU
		{1E84B1D5-8955-4778-91B7-EC87CF4CFD72}.Release|Any CPU.Build.0 = Release|Any CPU
		{19A71648-A68A-4BD4-9F7B-E5CF5852097C}.Debug|Any CPU.ActiveCfg = Debug|Any CPU
		{19A71648-A68A-4BD4-9F7B-E5CF5852097C}.Debug|Any CPU.Build.0 = Debug|Any CPU
		{19A71648-A68A-4BD4-9F7B-E5CF5852097C}.Release|Any CPU.ActiveCfg = Release|Any CPU
		{19A71648-A68A-4BD4-9F7B-E5CF5852097C}.Release|Any CPU.Build.0 = Release|Any CPU
	EndGlobalSection
	GlobalSection(SolutionProperties) = preSolution
		HideSolutionNode = FALSE
	EndGlobalSection
	GlobalSection(ExtensibilityGlobals) = postSolution
		SolutionGuid = {9943D9D7-A328-4412-8649-E73D7B75F233}
	EndGlobalSection
EndGlobal
